
Microsoft Visual Studio Solution File, Format Version 12.00
# Visual Studio Version 17
VisualStudioVersion = 17.14.36429.23
MinimumVisualStudioVersion = 10.0.40219.1
Project("{2150E333-8FDC-42A3-9474-1A3956D46DE8}") = "Task0", "Task0", "{02EA681E-C7D8-13C7-8484-4AC65E1B71E8}"
EndProject
Project("{FAE04EC0-301F-11D3-BF4B-00C04F79EFBC}") = "Tyuiu.BatogovRK.Sprint6.Task0.V13.Lib", "Tyuiu.BatogovRK.Sprint6.Task0.V13.Lib\Tyuiu.BatogovRK.Sprint6.Task0.V13.Lib.csproj", "{FBED5CDB-FB45-4B37-A196-D195E159A7E1}"
EndProject
Project("{FAE04EC0-301F-11D3-BF4B-00C04F79EFBC}") = "Tyuiu.BatogovRK.Sprint6.Task0.V13.Test", "Tyuiu.BatogovRK.Sprint6.Task0.V13.Test\Tyuiu.BatogovRK.Sprint6.Task0.V13.Test.csproj", "{18CE6691-420B-4D75-81F1-2A220307ADA8}"
EndProject
Project("{FAE04EC0-301F-11D3-BF4B-00C04F79EFBC}") = "Tyuiu.BatogovRK.Sprint6.Task0.V13", "Tyuiu.BatogovRK.Sprint6.Task0.V13\Tyuiu.BatogovRK.Sprint6.Task0.V13.csproj", "{E4E74C30-CDFF-4429-A095-C00ED3F8C27F}"
EndProject
Project("{2150E333-8FDC-42A3-9474-1A3956D46DE8}") = "Task1", "Task1", "{B7A6A025-4C81-481C-B1DB-6043A1D704C1}"
EndProject
Project("{FAE04EC0-301F-11D3-BF4B-00C04F79EFBC}") = "Tyuiu.BatogovRK.Sprint6.Task1.V8.Lib", "Tyuiu.BatogovRK.Sprint6.Task1.V8.Lib\Tyuiu.BatogovRK.Sprint6.Task1.V8.Lib.csproj", "{8D8578B5-39E2-435A-84BB-00C46CB1498C}"
EndProject
Project("{FAE04EC0-301F-11D3-BF4B-00C04F79EFBC}") = "Tyuiu.BatogovRK.Sprint6.Task1.V8.Test", "Tyuiu.BatogovRK.Sprint6.Task1.V8.Test\Tyuiu.BatogovRK.Sprint6.Task1.V8.Test.csproj", "{577C20E7-F790-4C58-9AC3-3A272A9F4FB6}"
EndProject
Project("{FAE04EC0-301F-11D3-BF4B-00C04F79EFBC}") = "Tyuiu.BatogovRK.Sprint6.Task1.V8", "Tyuiu.BatogovRK.Sprint6.Task1.V8\Tyuiu.BatogovRK.Sprint6.Task1.V8.csproj", "{520408A2-3C96-4453-8B8C-96948C8EF7BE}"
EndProject
Project("{2150E333-8FDC-42A3-9474-1A3956D46DE8}") = "Task2", "Task2", "{E55D1F57-7F33-4AAD-A56B-60E679E7BCEE}"
EndProject
Project("{FAE04EC0-301F-11D3-BF4B-00C04F79EFBC}") = "Tyuiu.BatogovRK.Sprint6.Task2.V18.Lib", "Tyuiu.BatogovRK.Sprint6.Task2.V18.Lib\Tyuiu.BatogovRK.Sprint6.Task2.V18.Lib.csproj", "{CD3E5132-1E36-4BE6-8BA5-0CDAFA0BFC4D}"
EndProject
Project("{FAE04EC0-301F-11D3-BF4B-00C04F79EFBC}") = "Tyuiu.BatogovRK.Sprint6.Task2.V18.Test", "Tyuiu.BatogovRK.Sprint6.Task2.V18.Test\Tyuiu.BatogovRK.Sprint6.Task2.V18.Test.csproj", "{7B42B189-4A1C-4CE9-AF41-03F24CC01768}"
EndProject
Project("{FAE04EC0-301F-11D3-BF4B-00C04F79EFBC}") = "Tyuiu.BatogovRK.Sprint6.Task2.V18", "Tyuiu.BatogovRK.Sprint6.Task2.V18\Tyuiu.BatogovRK.Sprint6.Task2.V18.csproj", "{80B96C8F-240F-4EE0-A2E5-1831675E5AC9}"
EndProject
Project("{2150E333-8FDC-42A3-9474-1A3956D46DE8}") = "Task3", "Task3", "{75539B50-E03B-49D4-98A5-FB2C3522B4CE}"
EndProject
Project("{FAE04EC0-301F-11D3-BF4B-00C04F79EFBC}") = "Tyuiu.BatogovRK.Sprint6.Task3.V30.Lib", "Tyuiu.BatogovRK.Sprint6.Task3.V30.Lib\Tyuiu.BatogovRK.Sprint6.Task3.V30.Lib.csproj", "{9D35B39A-99B8-4442-A814-56F87AF8B63B}"
EndProject
Project("{FAE04EC0-301F-11D3-BF4B-00C04F79EFBC}") = "Tyuiu.BatogovRK.Sprint6.Task3.V30.Test", "Tyuiu.BatogovRK.Sprint6.Task3.V30.Test\Tyuiu.BatogovRK.Sprint6.Task3.V30.Test.csproj", "{99747A53-15E3-474F-9435-C7222F69A449}"
EndProject
Project("{FAE04EC0-301F-11D3-BF4B-00C04F79EFBC}") = "Tyuiu.BatogovRK.Sprint6.Task3.V30", "Tyuiu.BatogovRK.Sprint6.Task3.V30\Tyuiu.BatogovRK.Sprint6.Task3.V30.csproj", "{92122155-75CC-428A-8962-25B2AD08FF02}"
EndProject
Project("{2150E333-8FDC-42A3-9474-1A3956D46DE8}") = "Task4", "Task4", "{9939D951-C585-4E03-A141-AC253105DD78}"
EndProject
Project("{FAE04EC0-301F-11D3-BF4B-00C04F79EFBC}") = "Tyuiu.BatogovRK.Sprint6.Task4.V1.Lib", "Tyuiu.BatogovRK.Sprint6.Task4.V1.Lib\Tyuiu.BatogovRK.Sprint6.Task4.V1.Lib.csproj", "{7B9B9245-E771-4E79-9F1B-A9FDCEFD984D}"
EndProject
Project("{FAE04EC0-301F-11D3-BF4B-00C04F79EFBC}") = "Tyuiu.BatogovRK.Sprint6.Task4.V1.Test", "Tyuiu.BatogovRK.Sprint6.Task4.V1.Test\Tyuiu.BatogovRK.Sprint6.Task4.V1.Test.csproj", "{8462CFCE-ECA0-480E-8460-5BB671EB7EAD}"
EndProject
Project("{FAE04EC0-301F-11D3-BF4B-00C04F79EFBC}") = "Tyuiu.BatogovRK.Sprint6.Task4.V1", "Tyuiu.BatogovRK.Sprint6.Task4.V1\Tyuiu.BatogovRK.Sprint6.Task4.V1.csproj", "{C70E0ACB-194B-440A-B737-90686AA62714}"
EndProject
Project("{2150E333-8FDC-42A3-9474-1A3956D46DE8}") = "Task5", "Task5", "{287C6F08-0101-4108-B082-B703CB9E2B44}"
EndProject
Project("{FAE04EC0-301F-11D3-BF4B-00C04F79EFBC}") = "Tyuiu.BatogovRK.Sprint6.Task5.V24.Lib", "Tyuiu.BatogovRK.Sprint6.Task5.V24.Lib\Tyuiu.BatogovRK.Sprint6.Task5.V24.Lib.csproj", "{835442C0-7107-4BAF-9AC8-E5139A782F6A}"
EndProject
Project("{FAE04EC0-301F-11D3-BF4B-00C04F79EFBC}") = "Tyuiu.BatogovRK.Sprint6.Task5.V24.Test", "Tyuiu.BatogovRK.Sprint6.Task5.V24.Test\Tyuiu.BatogovRK.Sprint6.Task5.V24.Test.csproj", "{8F6A9F58-4D88-4ED2-B614-D35208D05941}"
EndProject
Project("{FAE04EC0-301F-11D3-BF4B-00C04F79EFBC}") = "Tyuiu.BatogovRK.Sprint6.Task5.V24", "Tyuiu.BatogovRK.Sprint6.Task5.V24\Tyuiu.BatogovRK.Sprint6.Task5.V24.csproj", "{588BCAFE-5AFF-450C-B5AF-11CC9F1ECF28}"
EndProject
Project("{2150E333-8FDC-42A3-9474-1A3956D46DE8}") = "Task6", "Task6", "{6241C0E0-1346-4326-81A8-47EB70F926EC}"
EndProject
Project("{FAE04EC0-301F-11D3-BF4B-00C04F79EFBC}") = "Tyuiu.BatogovRK.Sprint6.Task6.V8.Lib", "Tyuiu.BatogovRK.Sprint6.Task6.V8.Lib\Tyuiu.BatogovRK.Sprint6.Task6.V8.Lib.csproj", "{5B771834-03F1-4396-AEE0-6DB3A17747FB}"
EndProject
Project("{FAE04EC0-301F-11D3-BF4B-00C04F79EFBC}") = "Tyuiu.BatogovRK.Sprint6.Task6.V8.Test", "Tyuiu.BatogovRK.Sprint6.Task6.V8.Test\Tyuiu.BatogovRK.Sprint6.Task6.V8.Test.csproj", "{EE408322-3579-4AFD-8D2C-0F2345A0215E}"
EndProject
Project("{FAE04EC0-301F-11D3-BF4B-00C04F79EFBC}") = "Tyuiu.BatogovRK.Sprint6.Task6.V8", "Tyuiu.BatogovRK.Sprint6.Task6.V8\Tyuiu.BatogovRK.Sprint6.Task6.V8.csproj", "{D6202BB9-64BA-4679-8929-3F56192C56CF}"
EndProject
Project("{2150E333-8FDC-42A3-9474-1A3956D46DE8}") = "Task7", "Task7", "{415109BC-7D59-4B28-B1CD-9EF6BEF6647D}"
EndProject
Project("{FAE04EC0-301F-11D3-BF4B-00C04F79EFBC}") = "Tyuiu.BatogovRK.Sprint6.Task7.V12.Lib", "Tyuiu.BatogovRK.Sprint6.Task7.V12.Lib\Tyuiu.BatogovRK.Sprint6.Task7.V12.Lib.csproj", "{493A5016-C74B-48C5-9491-69FAFCB12BF2}"
EndProject
Project("{FAE04EC0-301F-11D3-BF4B-00C04F79EFBC}") = "Tyuiu.BatogovRK.Sprint6.Task7.V12.Test", "Tyuiu.BatogovRK.Sprint6.Task7.V12.Test\Tyuiu.BatogovRK.Sprint6.Task7.V12.Test.csproj", "{873C8B46-6EE5-4DC1-B608-24A11DBE8780}"
EndProject
Project("{FAE04EC0-301F-11D3-BF4B-00C04F79EFBC}") = "Tyuiu.BatogovRK.Sprint6.Task7.V12", "Tyuiu.BatogovRK.Sprint6.Task7.V12\Tyuiu.BatogovRK.Sprint6.Task7.V12.csproj", "{ABEC222D-00AA-41FD-92CD-C39C91ACC47E}"
EndProject
Project("{2150E333-8FDC-42A3-9474-1A3956D46DE8}") = "SprintReview", "SprintReview", "{4B7F4C74-E074-4ACD-B60B-C7A8BA69896E}"
EndProject
Project("{FAE04EC0-301F-11D3-BF4B-00C04F79EFBC}") = "TestProject1", "TestProject1\TestProject1.csproj", "{CA93812C-13C6-4D57-9F69-22AA4B390B31}"
EndProject
Project("{FAE04EC0-301F-11D3-BF4B-00C04F79EFBC}") = "WinFormsApp1", "WinFormsApp1\WinFormsApp1.csproj", "{9EB028A6-1390-4B01-9A5D-846060AE813F}"
EndProject
Project("{FAE04EC0-301F-11D3-BF4B-00C04F79EFBC}") = "ClassLibrary2", "ClassLibrary2\ClassLibrary2.csproj", "{50CC786E-DCDD-4061-8B6B-42D5113D4378}"
EndProject
Global
	GlobalSection(SolutionConfigurationPlatforms) = preSolution
		Debug|Any CPU = Debug|Any CPU
		Release|Any CPU = Release|Any CPU
	EndGlobalSection
	GlobalSection(ProjectConfigurationPlatforms) = postSolution
		{FBED5CDB-FB45-4B37-A196-D195E159A7E1}.Debug|Any CPU.ActiveCfg = Debug|Any CPU
		{FBED5CDB-FB45-4B37-A196-D195E159A7E1}.Debug|Any CPU.Build.0 = Debug|Any CPU
		{FBED5CDB-FB45-4B37-A196-D195E159A7E1}.Release|Any CPU.ActiveCfg = Release|Any CPU
		{FBED5CDB-FB45-4B37-A196-D195E159A7E1}.Release|Any CPU.Build.0 = Release|Any CPU
		{18CE6691-420B-4D75-81F1-2A220307ADA8}.Debug|Any CPU.ActiveCfg = Debug|Any CPU
		{18CE6691-420B-4D75-81F1-2A220307ADA8}.Debug|Any CPU.Build.0 = Debug|Any CPU
		{18CE6691-420B-4D75-81F1-2A220307ADA8}.Release|Any CPU.ActiveCfg = Release|Any CPU
		{18CE6691-420B-4D75-81F1-2A220307ADA8}.Release|Any CPU.Build.0 = Release|Any CPU
		{E4E74C30-CDFF-4429-A095-C00ED3F8C27F}.Debug|Any CPU.ActiveCfg = Debug|Any CPU
		{E4E74C30-CDFF-4429-A095-C00ED3F8C27F}.Debug|Any CPU.Build.0 = Debug|Any CPU
		{E4E74C30-CDFF-4429-A095-C00ED3F8C27F}.Release|Any CPU.ActiveCfg = Release|Any CPU
		{E4E74C30-CDFF-4429-A095-C00ED3F8C27F}.Release|Any CPU.Build.0 = Release|Any CPU
		{8D8578B5-39E2-435A-84BB-00C46CB1498C}.Debug|Any CPU.ActiveCfg = Debug|Any CPU
		{8D8578B5-39E2-435A-84BB-00C46CB1498C}.Debug|Any CPU.Build.0 = Debug|Any CPU
		{8D8578B5-39E2-435A-84BB-00C46CB1498C}.Release|Any CPU.ActiveCfg = Release|Any CPU
		{8D8578B5-39E2-435A-84BB-00C46CB1498C}.Release|Any CPU.Build.0 = Release|Any CPU
		{577C20E7-F790-4C58-9AC3-3A272A9F4FB6}.Debug|Any CPU.ActiveCfg = Debug|Any CPU
		{577C20E7-F790-4C58-9AC3-3A272A9F4FB6}.Debug|Any CPU.Build.0 = Debug|Any CPU
		{577C20E7-F790-4C58-9AC3-3A272A9F4FB6}.Release|Any CPU.ActiveCfg = Release|Any CPU
		{577C20E7-F790-4C58-9AC3-3A272A9F4FB6}.Release|Any CPU.Build.0 = Release|Any CPU
		{520408A2-3C96-4453-8B8C-96948C8EF7BE}.Debug|Any CPU.ActiveCfg = Debug|Any CPU
		{520408A2-3C96-4453-8B8C-96948C8EF7BE}.Debug|Any CPU.Build.0 = Debug|Any CPU
		{520408A2-3C96-4453-8B8C-96948C8EF7BE}.Release|Any CPU.ActiveCfg = Release|Any CPU
		{520408A2-3C96-4453-8B8C-96948C8EF7BE}.Release|Any CPU.Build.0 = Release|Any CPU
		{CD3E5132-1E36-4BE6-8BA5-0CDAFA0BFC4D}.Debug|Any CPU.ActiveCfg = Debug|Any CPU
		{CD3E5132-1E36-4BE6-8BA5-0CDAFA0BFC4D}.Debug|Any CPU.Build.0 = Debug|Any CPU
		{CD3E5132-1E36-4BE6-8BA5-0CDAFA0BFC4D}.Release|Any CPU.ActiveCfg = Release|Any CPU
		{CD3E5132-1E36-4BE6-8BA5-0CDAFA0BFC4D}.Release|Any CPU.Build.0 = Release|Any CPU
		{7B42B189-4A1C-4CE9-AF41-03F24CC01768}.Debug|Any CPU.ActiveCfg = Debug|Any CPU
		{7B42B189-4A1C-4CE9-AF41-03F24CC01768}.Debug|Any CPU.Build.0 = Debug|Any CPU
		{7B42B189-4A1C-4CE9-AF41-03F24CC01768}.Release|Any CPU.ActiveCfg = Release|Any CPU
		{7B42B189-4A1C-4CE9-AF41-03F24CC01768}.Release|Any CPU.Build.0 = Release|Any CPU
		{80B96C8F-240F-4EE0-A2E5-1831675E5AC9}.Debug|Any CPU.ActiveCfg = Debug|Any CPU
		{80B96C8F-240F-4EE0-A2E5-1831675E5AC9}.Debug|Any CPU.Build.0 = Debug|Any CPU
		{80B96C8F-240F-4EE0-A2E5-1831675E5AC9}.Release|Any CPU.ActiveCfg = Release|Any CPU
		{80B96C8F-240F-4EE0-A2E5-1831675E5AC9}.Release|Any CPU.Build.0 = Release|Any CPU
		{9D35B39A-99B8-4442-A814-56F87AF8B63B}.Debug|Any CPU.ActiveCfg = Debug|Any CPU
		{9D35B39A-99B8-4442-A814-56F87AF8B63B}.Debug|Any CPU.Build.0 = Debug|Any CPU
		{9D35B39A-99B8-4442-A814-56F87AF8B63B}.Release|Any CPU.ActiveCfg = Release|Any CPU
		{9D35B39A-99B8-4442-A814-56F87AF8B63B}.Release|Any CPU.Build.0 = Release|Any CPU
		{99747A53-15E3-474F-9435-C7222F69A449}.Debug|Any CPU.ActiveCfg = Debug|Any CPU
		{99747A53-15E3-474F-9435-C7222F69A449}.Debug|Any CPU.Build.0 = Debug|Any CPU
		{99747A53-15E3-474F-9435-C7222F69A449}.Release|Any CPU.ActiveCfg = Release|Any CPU
		{99747A53-15E3-474F-9435-C7222F69A449}.Release|Any CPU.Build.0 = Release|Any CPU
		{92122155-75CC-428A-8962-25B2AD08FF02}.Debug|Any CPU.ActiveCfg = Debug|Any CPU
		{92122155-75CC-428A-8962-25B2AD08FF02}.Debug|Any CPU.Build.0 = Debug|Any CPU
		{92122155-75CC-428A-8962-25B2AD08FF02}.Release|Any CPU.ActiveCfg = Release|Any CPU
		{92122155-75CC-428A-8962-25B2AD08FF02}.Release|Any CPU.Build.0 = Release|Any CPU
		{7B9B9245-E771-4E79-9F1B-A9FDCEFD984D}.Debug|Any CPU.ActiveCfg = Debug|Any CPU
		{7B9B9245-E771-4E79-9F1B-A9FDCEFD984D}.Debug|Any CPU.Build.0 = Debug|Any CPU
		{7B9B9245-E771-4E79-9F1B-A9FDCEFD984D}.Release|Any CPU.ActiveCfg = Release|Any CPU
		{7B9B9245-E771-4E79-9F1B-A9FDCEFD984D}.Release|Any CPU.Build.0 = Release|Any CPU
		{8462CFCE-ECA0-480E-8460-5BB671EB7EAD}.Debug|Any CPU.ActiveCfg = Debug|Any CPU
		{8462CFCE-ECA0-480E-8460-5BB671EB7EAD}.Debug|Any CPU.Build.0 = Debug|Any CPU
		{8462CFCE-ECA0-480E-8460-5BB671EB7EAD}.Release|Any CPU.ActiveCfg = Release|Any CPU
		{8462CFCE-ECA0-480E-8460-5BB671EB7EAD}.Release|Any CPU.Build.0 = Release|Any CPU
		{C70E0ACB-194B-440A-B737-90686AA62714}.Debug|Any CPU.ActiveCfg = Debug|Any CPU
		{C70E0ACB-194B-440A-B737-90686AA62714}.Debug|Any CPU.Build.0 = Debug|Any CPU
		{C70E0ACB-194B-440A-B737-90686AA62714}.Release|Any CPU.ActiveCfg = Release|Any CPU
		{C70E0ACB-194B-440A-B737-90686AA62714}.Release|Any CPU.Build.0 = Release|Any CPU
		{835442C0-7107-4BAF-9AC8-E5139A782F6A}.Debug|Any CPU.ActiveCfg = Debug|Any CPU
		{835442C0-7107-4BAF-9AC8-E5139A782F6A}.Debug|Any CPU.Build.0 = Debug|Any CPU
		{835442C0-7107-4BAF-9AC8-E5139A782F6A}.Release|Any CPU.ActiveCfg = Release|Any CPU
		{835442C0-7107-4BAF-9AC8-E5139A782F6A}.Release|Any CPU.Build.0 = Release|Any CPU
		{8F6A9F58-4D88-4ED2-B614-D35208D05941}.Debug|Any CPU.ActiveCfg = Debug|Any CPU
		{8F6A9F58-4D88-4ED2-B614-D35208D05941}.Debug|Any CPU.Build.0 = Debug|Any CPU
		{8F6A9F58-4D88-4ED2-B614-D35208D05941}.Release|Any CPU.ActiveCfg = Release|Any CPU
		{8F6A9F58-4D88-4ED2-B614-D35208D05941}.Release|Any CPU.Build.0 = Release|Any CPU
		{588BCAFE-5AFF-450C-B5AF-11CC9F1ECF28}.Debug|Any CPU.ActiveCfg = Debug|Any CPU
		{588BCAFE-5AFF-450C-B5AF-11CC9F1ECF28}.Debug|Any CPU.Build.0 = Debug|Any CPU
		{588BCAFE-5AFF-450C-B5AF-11CC9F1ECF28}.Release|Any CPU.ActiveCfg = Release|Any CPU
		{588BCAFE-5AFF-450C-B5AF-11CC9F1ECF28}.Release|Any CPU.Build.0 = Release|Any CPU
		{5B771834-03F1-4396-AEE0-6DB3A17747FB}.Debug|Any CPU.ActiveCfg = Debug|Any CPU
		{5B771834-03F1-4396-AEE0-6DB3A17747FB}.Debug|Any CPU.Build.0 = Debug|Any CPU
		{5B771834-03F1-4396-AEE0-6DB3A17747FB}.Release|Any CPU.ActiveCfg = Release|Any CPU
		{5B771834-03F1-4396-AEE0-6DB3A17747FB}.Release|Any CPU.Build.0 = Release|Any CPU
		{EE408322-3579-4AFD-8D2C-0F2345A0215E}.Debug|Any CPU.ActiveCfg = Debug|Any CPU
		{EE408322-3579-4AFD-8D2C-0F2345A0215E}.Debug|Any CPU.Build.0 = Debug|Any CPU
		{EE408322-3579-4AFD-8D2C-0F2345A0215E}.Release|Any CPU.ActiveCfg = Release|Any CPU
		{EE408322-3579-4AFD-8D2C-0F2345A0215E}.Release|Any CPU.Build.0 = Release|Any CPU
		{D6202BB9-64BA-4679-8929-3F56192C56CF}.Debug|Any CPU.ActiveCfg = Debug|Any CPU
		{D6202BB9-64BA-4679-8929-3F56192C56CF}.Debug|Any CPU.Build.0 = Debug|Any CPU
		{D6202BB9-64BA-4679-8929-3F56192C56CF}.Release|Any CPU.ActiveCfg = Release|Any CPU
		{D6202BB9-64BA-4679-8929-3F56192C56CF}.Release|Any CPU.Build.0 = Release|Any CPU
		{493A5016-C74B-48C5-9491-69FAFCB12BF2}.Debug|Any CPU.ActiveCfg = Debug|Any CPU
		{493A5016-C74B-48C5-9491-69FAFCB12BF2}.Debug|Any CPU.Build.0 = Debug|Any CPU
		{493A5016-C74B-48C5-9491-69FAFCB12BF2}.Release|Any CPU.ActiveCfg = Release|Any CPU
		{493A5016-C74B-48C5-9491-69FAFCB12BF2}.Release|Any CPU.Build.0 = Release|Any CPU
		{873C8B46-6EE5-4DC1-B608-24A11DBE8780}.Debug|Any CPU.ActiveCfg = Debug|Any CPU
		{873C8B46-6EE5-4DC1-B608-24A11DBE8780}.Debug|Any CPU.Build.0 = Debug|Any CPU
		{873C8B46-6EE5-4DC1-B608-24A11DBE8780}.Release|Any CPU.ActiveCfg = Release|Any CPU
		{873C8B46-6EE5-4DC1-B608-24A11DBE8780}.Release|Any CPU.Build.0 = Release|Any CPU
		{ABEC222D-00AA-41FD-92CD-C39C91ACC47E}.Debug|Any CPU.ActiveCfg = Debug|Any CPU
		{ABEC222D-00AA-41FD-92CD-C39C91ACC47E}.Debug|Any CPU.Build.0 = Debug|Any CPU
		{ABEC222D-00AA-41FD-92CD-C39C91ACC47E}.Release|Any CPU.ActiveCfg = Release|Any CPU
		{ABEC222D-00AA-41FD-92CD-C39C91ACC47E}.Release|Any CPU.Build.0 = Release|Any CPU
		{CA93812C-13C6-4D57-9F69-22AA4B390B31}.Debug|Any CPU.ActiveCfg = Debug|Any CPU
		{CA93812C-13C6-4D57-9F69-22AA4B390B31}.Debug|Any CPU.Build.0 = Debug|Any CPU
		{CA93812C-13C6-4D57-9F69-22AA4B390B31}.Release|Any CPU.ActiveCfg = Release|Any CPU
		{CA93812C-13C6-4D57-9F69-22AA4B390B31}.Release|Any CPU.Build.0 = Release|Any CPU
		{9EB028A6-1390-4B01-9A5D-846060AE813F}.Debug|Any CPU.ActiveCfg = Debug|Any CPU
		{9EB028A6-1390-4B01-9A5D-846060AE813F}.Debug|Any CPU.Build.0 = Debug|Any CPU
		{9EB028A6-1390-4B01-9A5D-846060AE813F}.Release|Any CPU.ActiveCfg = Release|Any CPU
		{9EB028A6-1390-4B01-9A5D-846060AE813F}.Release|Any CPU.Build.0 = Release|Any CPU
		{50CC786E-DCDD-4061-8B6B-42D5113D4378}.Debug|Any CPU.ActiveCfg = Debug|Any CPU
		{50CC786E-DCDD-4061-8B6B-42D5113D4378}.Debug|Any CPU.Build.0 = Debug|Any CPU
		{50CC786E-DCDD-4061-8B6B-42D5113D4378}.Release|Any CPU.ActiveCfg = Release|Any CPU
		{50CC786E-DCDD-4061-8B6B-42D5113D4378}.Release|Any CPU.Build.0 = Release|Any CPU
	EndGlobalSection
	GlobalSection(SolutionProperties) = preSolution
		HideSolutionNode = FALSE
	EndGlobalSection
	GlobalSection(NestedProjects) = preSolution
		{FBED5CDB-FB45-4B37-A196-D195E159A7E1} = {02EA681E-C7D8-13C7-8484-4AC65E1B71E8}
		{18CE6691-420B-4D75-81F1-2A220307ADA8} = {02EA681E-C7D8-13C7-8484-4AC65E1B71E8}
		{E4E74C30-CDFF-4429-A095-C00ED3F8C27F} = {02EA681E-C7D8-13C7-8484-4AC65E1B71E8}
		{8D8578B5-39E2-435A-84BB-00C46CB1498C} = {B7A6A025-4C81-481C-B1DB-6043A1D704C1}
		{577C20E7-F790-4C58-9AC3-3A272A9F4FB6} = {B7A6A025-4C81-481C-B1DB-6043A1D704C1}
		{520408A2-3C96-4453-8B8C-96948C8EF7BE} = {B7A6A025-4C81-481C-B1DB-6043A1D704C1}
		{CD3E5132-1E36-4BE6-8BA5-0CDAFA0BFC4D} = {E55D1F57-7F33-4AAD-A56B-60E679E7BCEE}
		{7B42B189-4A1C-4CE9-AF41-03F24CC01768} = {E55D1F57-7F33-4AAD-A56B-60E679E7BCEE}
		{80B96C8F-240F-4EE0-A2E5-1831675E5AC9} = {E55D1F57-7F33-4AAD-A56B-60E679E7BCEE}
		{9D35B39A-99B8-4442-A814-56F87AF8B63B} = {75539B50-E03B-49D4-98A5-FB2C3522B4CE}
		{99747A53-15E3-474F-9435-C7222F69A449} = {75539B50-E03B-49D4-98A5-FB2C3522B4CE}
		{92122155-75CC-428A-8962-25B2AD08FF02} = {75539B50-E03B-49D4-98A5-FB2C3522B4CE}
		{7B9B9245-E771-4E79-9F1B-A9FDCEFD984D} = {9939D951-C585-4E03-A141-AC253105DD78}
		{8462CFCE-ECA0-480E-8460-5BB671EB7EAD} = {9939D951-C585-4E03-A141-AC253105DD78}
		{C70E0ACB-194B-440A-B737-90686AA62714} = {9939D951-C585-4E03-A141-AC253105DD78}
		{835442C0-7107-4BAF-9AC8-E5139A782F6A} = {287C6F08-0101-4108-B082-B703CB9E2B44}
		{8F6A9F58-4D88-4ED2-B614-D35208D05941} = {287C6F08-0101-4108-B082-B703CB9E2B44}
		{588BCAFE-5AFF-450C-B5AF-11CC9F1ECF28} = {287C6F08-0101-4108-B082-B703CB9E2B44}
		{5B771834-03F1-4396-AEE0-6DB3A17747FB} = {6241C0E0-1346-4326-81A8-47EB70F926EC}
		{EE408322-3579-4AFD-8D2C-0F2345A0215E} = {6241C0E0-1346-4326-81A8-47EB70F926EC}
		{D6202BB9-64BA-4679-8929-3F56192C56CF} = {6241C0E0-1346-4326-81A8-47EB70F926EC}
		{493A5016-C74B-48C5-9491-69FAFCB12BF2} = {415109BC-7D59-4B28-B1CD-9EF6BEF6647D}
		{873C8B46-6EE5-4DC1-B608-24A11DBE8780} = {415109BC-7D59-4B28-B1CD-9EF6BEF6647D}
		{ABEC222D-00AA-41FD-92CD-C39C91ACC47E} = {415109BC-7D59-4B28-B1CD-9EF6BEF6647D}
		{CA93812C-13C6-4D57-9F69-22AA4B390B31} = {4B7F4C74-E074-4ACD-B60B-C7A8BA69896E}
		{9EB028A6-1390-4B01-9A5D-846060AE813F} = {4B7F4C74-E074-4ACD-B60B-C7A8BA69896E}
		{50CC786E-DCDD-4061-8B6B-42D5113D4378} = {4B7F4C74-E074-4ACD-B60B-C7A8BA69896E}
	EndGlobalSection
	GlobalSection(ExtensibilityGlobals) = postSolution
		SolutionGuid = {A7520DFA-F5BC-47B5-8B99-EE913EAFF3C1}
	EndGlobalSection
EndGlobal
